
Microsoft Visual Studio Solution File, Format Version 12.00
# Visual Studio Version 16
VisualStudioVersion = 16.0.28606.126
MinimumVisualStudioVersion = 10.0.40219.1
Project("{151D2E53-A2C4-4D7D-83FE-D05416EBD58E}") = "NewStudy", "NewStudy\NewStudy.deployproj", "{10252D6C-6679-4279-B810-FD2E770B043B}"
EndProject
Global
	GlobalSection(SolutionConfigurationPlatforms) = preSolution
		Debug|Any CPU = Debug|Any CPU
		Release|Any CPU = Release|Any CPU
	EndGlobalSection
	GlobalSection(ProjectConfigurationPlatforms) = postSolution
		{10252D6C-6679-4279-B810-FD2E770B043B}.Debug|Any CPU.ActiveCfg = Debug|Any CPU
		{10252D6C-6679-4279-B810-FD2E770B043B}.Debug|Any CPU.Build.0 = Debug|Any CPU
		{10252D6C-6679-4279-B810-FD2E770B043B}.Release|Any CPU.ActiveCfg = Release|Any CPU
		{10252D6C-6679-4279-B810-FD2E770B043B}.Release|Any CPU.Build.0 = Release|Any CPU
	EndGlobalSection
	GlobalSection(SolutionProperties) = preSolution
		HideSolutionNode = FALSE
	EndGlobalSection
	GlobalSection(ExtensibilityGlobals) = postSolution
		SolutionGuid = {B403D6BC-CA04-4672-99B2-98CF4A6B9A4F}
	EndGlobalSection
EndGlobal
